
Microsoft Visual Studio Solution File, Format Version 12.00
# Visual Studio Version 16
VisualStudioVersion = 16.0.30406.217
MinimumVisualStudioVersion = 10.0.40219.1
Project("{8BC9CEB8-8B4A-11D0-8D11-00A0C91BC942}") = "морской бой", "морской бой\морской бой.vcxproj", "{73CD5961-AA49-4B4D-A69E-F3A74FC90FA5}"
EndProject
Project("{8BC9CEB8-8B4A-11D0-8D11-00A0C91BC942}") = "лекции_хз", "..\Project9\Project9\Project9.vcxproj", "{98603403-C52E-41C3-B97C-DA432F2A14FB}"
EndProject
Global
	GlobalSection(SolutionConfigurationPlatforms) = preSolution
		Debug|x64 = Debug|x64
		Debug|x86 = Debug|x86
		Release|x64 = Release|x64
		Release|x86 = Release|x86
	EndGlobalSection
	GlobalSection(ProjectConfigurationPlatforms) = postSolution
		{73CD5961-AA49-4B4D-A69E-F3A74FC90FA5}.Debug|x64.ActiveCfg = Debug|x64
		{73CD5961-AA49-4B4D-A69E-F3A74FC90FA5}.Debug|x64.Build.0 = Debug|x64
		{73CD5961-AA49-4B4D-A69E-F3A74FC90FA5}.Debug|x86.ActiveCfg = Debug|Win32
		{73CD5961-AA49-4B4D-A69E-F3A74FC90FA5}.Debug|x86.Build.0 = Debug|Win32
		{73CD5961-AA49-4B4D-A69E-F3A74FC90FA5}.Release|x64.ActiveCfg = Release|x64
		{73CD5961-AA49-4B4D-A69E-F3A74FC90FA5}.Release|x64.Build.0 = Release|x64
		{73CD5961-AA49-4B4D-A69E-F3A74FC90FA5}.Release|x86.ActiveCfg = Release|Win32
		{73CD5961-AA49-4B4D-A69E-F3A74FC90FA5}.Release|x86.Build.0 = Release|Win32
		{98603403-C52E-41C3-B97C-DA432F2A14FB}.Debug|x64.ActiveCfg = Debug|x64
		{98603403-C52E-41C3-B97C-DA432F2A14FB}.Debug|x64.Build.0 = Debug|x64
		{98603403-C52E-41C3-B97C-DA432F2A14FB}.Debug|x86.ActiveCfg = Debug|Win32
		{98603403-C52E-41C3-B97C-DA432F2A14FB}.Debug|x86.Build.0 = Debug|Win32
		{98603403-C52E-41C3-B97C-DA432F2A14FB}.Release|x64.ActiveCfg = Release|x64
		{98603403-C52E-41C3-B97C-DA432F2A14FB}.Release|x64.Build.0 = Release|x64
		{98603403-C52E-41C3-B97C-DA432F2A14FB}.Release|x86.ActiveCfg = Release|Win32
		{98603403-C52E-41C3-B97C-DA432F2A14FB}.Release|x86.Build.0 = Release|Win32
	EndGlobalSection
	GlobalSection(SolutionProperties) = preSolution
		HideSolutionNode = FALSE
	EndGlobalSection
	GlobalSection(ExtensibilityGlobals) = postSolution
		SolutionGuid = {01D534F8-A87F-4A4E-9867-59404A17AC0C}
	EndGlobalSection
EndGlobal
